// !$*UTF8*$!
{
	archiveVersion = 1;
	classes = {
	};
	objectVersion = 46;
	objects = {

/* Begin PBXBuildFile section */
		B1D1755C1AA0B5A000036557 /* main.m in Sources */ = {isa = PBXBuildFile; fileRef = B1D1755B1AA0B5A000036557 /* main.m */; };
		B1D1755F1AA0B5A000036557 /* AppDelegate.m in Sources */ = {isa = PBXBuildFile; fileRef = B1D1755E1AA0B5A000036557 /* AppDelegate.m */; };
		B1D175621AA0B5A000036557 /* ViewController.m in Sources */ = {isa = PBXBuildFile; fileRef = B1D175611AA0B5A000036557 /* ViewController.m */; };
		B1D175651AA0B5A000036557 /* Main.storyboard in Resources */ = {isa = PBXBuildFile; fileRef = B1D175631AA0B5A000036557 /* Main.storyboard */; };
		B1D175671AA0B5A000036557 /* Images.xcassets in Resources */ = {isa = PBXBuildFile; fileRef = B1D175661AA0B5A000036557 /* Images.xcassets */; };
		B1D1756A1AA0B5A000036557 /* LaunchScreen.xib in Resources */ = {isa = PBXBuildFile; fileRef = B1D175681AA0B5A000036557 /* LaunchScreen.xib */; };
		B1D175761AA0B5A000036557 /* AFNetworkingManagerTests.m in Sources */ = {isa = PBXBuildFile; fileRef = B1D175751AA0B5A000036557 /* AFNetworkingManagerTests.m */; };
		B1D175931AA0B5B500036557 /* AFHTTPRequestOperation.m in Sources */ = {isa = PBXBuildFile; fileRef = B1D175811AA0B5B500036557 /* AFHTTPRequestOperation.m */; };
		B1D175941AA0B5B500036557 /* AFHTTPRequestOperationManager.m in Sources */ = {isa = PBXBuildFile; fileRef = B1D175831AA0B5B500036557 /* AFHTTPRequestOperationManager.m */; };
		B1D175951AA0B5B500036557 /* AFHTTPSessionManager.m in Sources */ = {isa = PBXBuildFile; fileRef = B1D175851AA0B5B500036557 /* AFHTTPSessionManager.m */; };
		B1D175961AA0B5B500036557 /* AFNetworkReachabilityManager.m in Sources */ = {isa = PBXBuildFile; fileRef = B1D175881AA0B5B500036557 /* AFNetworkReachabilityManager.m */; };
		B1D175971AA0B5B500036557 /* AFSecurityPolicy.m in Sources */ = {isa = PBXBuildFile; fileRef = B1D1758A1AA0B5B500036557 /* AFSecurityPolicy.m */; };
		B1D175981AA0B5B500036557 /* AFURLConnectionOperation.m in Sources */ = {isa = PBXBuildFile; fileRef = B1D1758C1AA0B5B500036557 /* AFURLConnectionOperation.m */; };
		B1D175991AA0B5B500036557 /* AFURLRequestSerialization.m in Sources */ = {isa = PBXBuildFile; fileRef = B1D1758E1AA0B5B500036557 /* AFURLRequestSerialization.m */; };
		B1D1759A1AA0B5B500036557 /* AFURLResponseSerialization.m in Sources */ = {isa = PBXBuildFile; fileRef = B1D175901AA0B5B500036557 /* AFURLResponseSerialization.m */; };
		B1D1759B1AA0B5B500036557 /* AFURLSessionManager.m in Sources */ = {isa = PBXBuildFile; fileRef = B1D175921AA0B5B500036557 /* AFURLSessionManager.m */; };
		B1D1759F1AA0B5C500036557 /* AFSharedClient.m in Sources */ = {isa = PBXBuildFile; fileRef = B1D1759E1AA0B5C500036557 /* AFSharedClient.m */; };
/* End PBXBuildFile section */

/* Begin PBXContainerItemProxy section */
		B1D175701AA0B5A000036557 /* PBXContainerItemProxy */ = {
			isa = PBXContainerItemProxy;
			containerPortal = B1D1754E1AA0B5A000036557 /* Project object */;
			proxyType = 1;
			remoteGlobalIDString = B1D175551AA0B5A000036557;
			remoteInfo = AFNetworkingManager;
		};
/* End PBXContainerItemProxy section */

/* Begin PBXFileReference section */
		B1D175561AA0B5A000036557 /* AFNetworkingManager.app */ = {isa = PBXFileReference; explicitFileType = wrapper.application; includeInIndex = 0; path = AFNetworkingManager.app; sourceTree = BUILT_PRODUCTS_DIR; };
		B1D1755A1AA0B5A000036557 /* Info.plist */ = {isa = PBXFileReference; lastKnownFileType = text.plist.xml; path = Info.plist; sourceTree = "<group>"; };
		B1D1755B1AA0B5A000036557 /* main.m */ = {isa = PBXFileReference; lastKnownFileType = sourcecode.c.objc; path = main.m; sourceTree = "<group>"; };
		B1D1755D1AA0B5A000036557 /* AppDelegate.h */ = {isa = PBXFileReference; lastKnownFileType = sourcecode.c.h; path = AppDelegate.h; sourceTree = "<group>"; };
		B1D1755E1AA0B5A000036557 /* AppDelegate.m */ = {isa = PBXFileReference; lastKnownFileType = sourcecode.c.objc; path = AppDelegate.m; sourceTree = "<group>"; };
		B1D175601AA0B5A000036557 /* ViewController.h */ = {isa = PBXFileReference; lastKnownFileType = sourcecode.c.h; path = ViewController.h; sourceTree = "<group>"; };
		B1D175611AA0B5A000036557 /* ViewController.m */ = {isa = PBXFileReference; lastKnownFileType = sourcecode.c.objc; path = ViewController.m; sourceTree = "<group>"; };
		B1D175641AA0B5A000036557 /* Base */ = {isa = PBXFileReference; lastKnownFileType = file.storyboard; name = Base; path = Base.lproj/Main.storyboard; sourceTree = "<group>"; };
		B1D175661AA0B5A000036557 /* Images.xcassets */ = {isa = PBXFileReference; lastKnownFileType = folder.assetcatalog; path = Images.xcassets; sourceTree = "<group>"; };
		B1D175691AA0B5A000036557 /* Base */ = {isa = PBXFileReference; lastKnownFileType = file.xib; name = Base; path = Base.lproj/LaunchScreen.xib; sourceTree = "<group>"; };
		B1D1756F1AA0B5A000036557 /* AFNetworkingManagerTests.xctest */ = {isa = PBXFileReference; explicitFileType = wrapper.cfbundle; includeInIndex = 0; path = AFNetworkingManagerTests.xctest; sourceTree = BUILT_PRODUCTS_DIR; };
		B1D175741AA0B5A000036557 /* Info.plist */ = {isa = PBXFileReference; lastKnownFileType = text.plist.xml; path = Info.plist; sourceTree = "<group>"; };
		B1D175751AA0B5A000036557 /* AFNetworkingManagerTests.m */ = {isa = PBXFileReference; lastKnownFileType = sourcecode.c.objc; path = AFNetworkingManagerTests.m; sourceTree = "<group>"; };
		B1D175801AA0B5B500036557 /* AFHTTPRequestOperation.h */ = {isa = PBXFileReference; fileEncoding = 4; lastKnownFileType = sourcecode.c.h; path = AFHTTPRequestOperation.h; sourceTree = "<group>"; };
		B1D175811AA0B5B500036557 /* AFHTTPRequestOperation.m */ = {isa = PBXFileReference; fileEncoding = 4; lastKnownFileType = sourcecode.c.objc; path = AFHTTPRequestOperation.m; sourceTree = "<group>"; };
		B1D175821AA0B5B500036557 /* AFHTTPRequestOperationManager.h */ = {isa = PBXFileReference; fileEncoding = 4; lastKnownFileType = sourcecode.c.h; path = AFHTTPRequestOperationManager.h; sourceTree = "<group>"; };
		B1D175831AA0B5B500036557 /* AFHTTPRequestOperationManager.m */ = {isa = PBXFileReference; fileEncoding = 4; lastKnownFileType = sourcecode.c.objc; path = AFHTTPRequestOperationManager.m; sourceTree = "<group>"; };
		B1D175841AA0B5B500036557 /* AFHTTPSessionManager.h */ = {isa = PBXFileReference; fileEncoding = 4; lastKnownFileType = sourcecode.c.h; path = AFHTTPSessionManager.h; sourceTree = "<group>"; };
		B1D175851AA0B5B500036557 /* AFHTTPSessionManager.m */ = {isa = PBXFileReference; fileEncoding = 4; lastKnownFileType = sourcecode.c.objc; path = AFHTTPSessionManager.m; sourceTree = "<group>"; };
		B1D175861AA0B5B500036557 /* AFNetworking.h */ = {isa = PBXFileReference; fileEncoding = 4; lastKnownFileType = sourcecode.c.h; path = AFNetworking.h; sourceTree = "<group>"; };
		B1D175871AA0B5B500036557 /* AFNetworkReachabilityManager.h */ = {isa = PBXFileReference; fileEncoding = 4; lastKnownFileType = sourcecode.c.h; path = AFNetworkReachabilityManager.h; sourceTree = "<group>"; };
		B1D175881AA0B5B500036557 /* AFNetworkReachabilityManager.m */ = {isa = PBXFileReference; fileEncoding = 4; lastKnownFileType = sourcecode.c.objc; path = AFNetworkReachabilityManager.m; sourceTree = "<group>"; };
		B1D175891AA0B5B500036557 /* AFSecurityPolicy.h */ = {isa = PBXFileReference; fileEncoding = 4; lastKnownFileType = sourcecode.c.h; path = AFSecurityPolicy.h; sourceTree = "<group>"; };
		B1D1758A1AA0B5B500036557 /* AFSecurityPolicy.m */ = {isa = PBXFileReference; fileEncoding = 4; lastKnownFileType = sourcecode.c.objc; path = AFSecurityPolicy.m; sourceTree = "<group>"; };
		B1D1758B1AA0B5B500036557 /* AFURLConnectionOperation.h */ = {isa = PBXFileReference; fileEncoding = 4; lastKnownFileType = sourcecode.c.h; path = AFURLConnectionOperation.h; sourceTree = "<group>"; };
		B1D1758C1AA0B5B500036557 /* AFURLConnectionOperation.m */ = {isa = PBXFileReference; fileEncoding = 4; lastKnownFileType = sourcecode.c.objc; path = AFURLConnectionOperation.m; sourceTree = "<group>"; };
		B1D1758D1AA0B5B500036557 /* AFURLRequestSerialization.h */ = {isa = PBXFileReference; fileEncoding = 4; lastKnownFileType = sourcecode.c.h; path = AFURLRequestSerialization.h; sourceTree = "<group>"; };
		B1D1758E1AA0B5B500036557 /* AFURLRequestSerialization.m */ = {isa = PBXFileReference; fileEncoding = 4; lastKnownFileType = sourcecode.c.objc; path = AFURLRequestSerialization.m; sourceTree = "<group>"; };
		B1D1758F1AA0B5B500036557 /* AFURLResponseSerialization.h */ = {isa = PBXFileReference; fileEncoding = 4; lastKnownFileType = sourcecode.c.h; path = AFURLResponseSerialization.h; sourceTree = "<group>"; };
		B1D175901AA0B5B500036557 /* AFURLResponseSerialization.m */ = {isa = PBXFileReference; fileEncoding = 4; lastKnownFileType = sourcecode.c.objc; path = AFURLResponseSerialization.m; sourceTree = "<group>"; };
		B1D175911AA0B5B500036557 /* AFURLSessionManager.h */ = {isa = PBXFileReference; fileEncoding = 4; lastKnownFileType = sourcecode.c.h; path = AFURLSessionManager.h; sourceTree = "<group>"; };
		B1D175921AA0B5B500036557 /* AFURLSessionManager.m */ = {isa = PBXFileReference; fileEncoding = 4; lastKnownFileType = sourcecode.c.objc; path = AFURLSessionManager.m; sourceTree = "<group>"; };
		B1D1759D1AA0B5C500036557 /* AFSharedClient.h */ = {isa = PBXFileReference; fileEncoding = 4; lastKnownFileType = sourcecode.c.h; path = AFSharedClient.h; sourceTree = "<group>"; };
		B1D1759E1AA0B5C500036557 /* AFSharedClient.m */ = {isa = PBXFileReference; fileEncoding = 4; lastKnownFileType = sourcecode.c.objc; path = AFSharedClient.m; sourceTree = "<group>"; };
/* End PBXFileReference section */

/* Begin PBXFrameworksBuildPhase section */
		B1D175531AA0B5A000036557 /* Frameworks */ = {
			isa = PBXFrameworksBuildPhase;
			buildActionMask = 2147483647;
			files = (
			);
			runOnlyForDeploymentPostprocessing = 0;
		};
		B1D1756C1AA0B5A000036557 /* Frameworks */ = {
			isa = PBXFrameworksBuildPhase;
			buildActionMask = 2147483647;
			files = (
			);
			runOnlyForDeploymentPostprocessing = 0;
		};
/* End PBXFrameworksBuildPhase section */

/* Begin PBXGroup section */
		B1D1754D1AA0B5A000036557 = {
			isa = PBXGroup;
			children = (
				B1D175581AA0B5A000036557 /* AFNetworkingManager */,
				B1D175721AA0B5A000036557 /* AFNetworkingManagerTests */,
				B1D175571AA0B5A000036557 /* Products */,
			);
			sourceTree = "<group>";
		};
		B1D175571AA0B5A000036557 /* Products */ = {
			isa = PBXGroup;
			children = (
				B1D175561AA0B5A000036557 /* AFNetworkingManager.app */,
				B1D1756F1AA0B5A000036557 /* AFNetworkingManagerTests.xctest */,
			);
			name = Products;
			sourceTree = "<group>";
		};
		B1D175581AA0B5A000036557 /* AFNetworkingManager */ = {
			isa = PBXGroup;
			children = (
				B1D1755D1AA0B5A000036557 /* AppDelegate.h */,
				B1D1755E1AA0B5A000036557 /* AppDelegate.m */,
				B1D175601AA0B5A000036557 /* ViewController.h */,
				B1D175611AA0B5A000036557 /* ViewController.m */,
				B1D175631AA0B5A000036557 /* Main.storyboard */,
				B1D175661AA0B5A000036557 /* Images.xcassets */,
				B1D175681AA0B5A000036557 /* LaunchScreen.xib */,
				B1D1759C1AA0B5C500036557 /* AFShared */,
				B1D1757F1AA0B5B500036557 /* AFNetworking */,
				B1D175591AA0B5A000036557 /* Supporting Files */,
			);
			path = AFNetworkingManager;
			sourceTree = "<group>";
		};
		B1D175591AA0B5A000036557 /* Supporting Files */ = {
			isa = PBXGroup;
			children = (
				B1D1755A1AA0B5A000036557 /* Info.plist */,
				B1D1755B1AA0B5A000036557 /* main.m */,
			);
			name = "Supporting Files";
			sourceTree = "<group>";
		};
		B1D175721AA0B5A000036557 /* AFNetworkingManagerTests */ = {
			isa = PBXGroup;
			children = (
				B1D175751AA0B5A000036557 /* AFNetworkingManagerTests.m */,
				B1D175731AA0B5A000036557 /* Supporting Files */,
			);
			path = AFNetworkingManagerTests;
			sourceTree = "<group>";
		};
		B1D175731AA0B5A000036557 /* Supporting Files */ = {
			isa = PBXGroup;
			children = (
				B1D175741AA0B5A000036557 /* Info.plist */,
			);
			name = "Supporting Files";
			sourceTree = "<group>";
		};
		B1D1757F1AA0B5B500036557 /* AFNetworking */ = {
			isa = PBXGroup;
			children = (
				B1D175801AA0B5B500036557 /* AFHTTPRequestOperation.h */,
				B1D175811AA0B5B500036557 /* AFHTTPRequestOperation.m */,
				B1D175821AA0B5B500036557 /* AFHTTPRequestOperationManager.h */,
				B1D175831AA0B5B500036557 /* AFHTTPRequestOperationManager.m */,
				B1D175841AA0B5B500036557 /* AFHTTPSessionManager.h */,
				B1D175851AA0B5B500036557 /* AFHTTPSessionManager.m */,
				B1D175861AA0B5B500036557 /* AFNetworking.h */,
				B1D175871AA0B5B500036557 /* AFNetworkReachabilityManager.h */,
				B1D175881AA0B5B500036557 /* AFNetworkReachabilityManager.m */,
				B1D175891AA0B5B500036557 /* AFSecurityPolicy.h */,
				B1D1758A1AA0B5B500036557 /* AFSecurityPolicy.m */,
				B1D1758B1AA0B5B500036557 /* AFURLConnectionOperation.h */,
				B1D1758C1AA0B5B500036557 /* AFURLConnectionOperation.m */,
				B1D1758D1AA0B5B500036557 /* AFURLRequestSerialization.h */,
				B1D1758E1AA0B5B500036557 /* AFURLRequestSerialization.m */,
				B1D1758F1AA0B5B500036557 /* AFURLResponseSerialization.h */,
				B1D175901AA0B5B500036557 /* AFURLResponseSerialization.m */,
				B1D175911AA0B5B500036557 /* AFURLSessionManager.h */,
				B1D175921AA0B5B500036557 /* AFURLSessionManager.m */,
			);
			path = AFNetworking;
			sourceTree = "<group>";
		};
		B1D1759C1AA0B5C500036557 /* AFShared */ = {
			isa = PBXGroup;
			children = (
				B1D1759D1AA0B5C500036557 /* AFSharedClient.h */,
				B1D1759E1AA0B5C500036557 /* AFSharedClient.m */,
			);
			path = AFShared;
			sourceTree = "<group>";
		};
/* End PBXGroup section */

/* Begin PBXNativeTarget section */
		B1D175551AA0B5A000036557 /* AFNetworkingManager */ = {
			isa = PBXNativeTarget;
			buildConfigurationList = B1D175791AA0B5A000036557 /* Build configuration list for PBXNativeTarget "AFNetworkingManager" */;
			buildPhases = (
				B1D175521AA0B5A000036557 /* Sources */,
				B1D175531AA0B5A000036557 /* Frameworks */,
				B1D175541AA0B5A000036557 /* Resources */,
			);
			buildRules = (
			);
			dependencies = (
			);
			name = AFNetworkingManager;
			productName = AFNetworkingManager;
			productReference = B1D175561AA0B5A000036557 /* AFNetworkingManager.app */;
			productType = "com.apple.product-type.application";
		};
		B1D1756E1AA0B5A000036557 /* AFNetworkingManagerTests */ = {
			isa = PBXNativeTarget;
			buildConfigurationList = B1D1757C1AA0B5A000036557 /* Build configuration list for PBXNativeTarget "AFNetworkingManagerTests" */;
			buildPhases = (
				B1D1756B1AA0B5A000036557 /* Sources */,
				B1D1756C1AA0B5A000036557 /* Frameworks */,
				B1D1756D1AA0B5A000036557 /* Resources */,
			);
			buildRules = (
			);
			dependencies = (
				B1D175711AA0B5A000036557 /* PBXTargetDependency */,
			);
			name = AFNetworkingManagerTests;
			productName = AFNetworkingManagerTests;
			productReference = B1D1756F1AA0B5A000036557 /* AFNetworkingManagerTests.xctest */;
			productType = "com.apple.product-type.bundle.unit-test";
		};
/* End PBXNativeTarget section */

/* Begin PBXProject section */
		B1D1754E1AA0B5A000036557 /* Project object */ = {
			isa = PBXProject;
			attributes = {
				LastUpgradeCheck = 0610;
				ORGANIZATIONNAME = mgl;
				TargetAttributes = {
					B1D175551AA0B5A000036557 = {
						CreatedOnToolsVersion = 6.1;
					};
					B1D1756E1AA0B5A000036557 = {
						CreatedOnToolsVersion = 6.1;
						TestTargetID = B1D175551AA0B5A000036557;
					};
				};
			};
			buildConfigurationList = B1D175511AA0B5A000036557 /* Build configuration list for PBXProject "AFNetworkingManager" */;
			compatibilityVersion = "Xcode 3.2";
			developmentRegion = English;
			hasScannedForEncodings = 0;
			knownRegions = (
				en,
				Base,
			);
			mainGroup = B1D1754D1AA0B5A000036557;
			productRefGroup = B1D175571AA0B5A000036557 /* Products */;
			projectDirPath = "";
			projectRoot = "";
			targets = (
				B1D175551AA0B5A000036557 /* AFNetworkingManager */,
				B1D1756E1AA0B5A000036557 /* AFNetworkingManagerTests */,
			);
		};
/* End PBXProject section */

/* Begin PBXResourcesBuildPhase section */
		B1D175541AA0B5A000036557 /* Resources */ = {
			isa = PBXResourcesBuildPhase;
			buildActionMask = 2147483647;
			files = (
				B1D175651AA0B5A000036557 /* Main.storyboard in Resources */,
				B1D1756A1AA0B5A000036557 /* LaunchScreen.xib in Resources */,
				B1D175671AA0B5A000036557 /* Images.xcassets in Resources */,
			);
			runOnlyForDeploymentPostprocessing = 0;
		};
		B1D1756D1AA0B5A000036557 /* Resources */ = {
			isa = PBXResourcesBuildPhase;
			buildActionMask = 2147483647;
			files = (
			);
			runOnlyForDeploymentPostprocessing = 0;
		};
/* End PBXResourcesBuildPhase section */

/* Begin PBXSourcesBuildPhase section */
		B1D175521AA0B5A000036557 /* Sources */ = {
			isa = PBXSourcesBuildPhase;
			buildActionMask = 2147483647;
			files = (
				B1D175931AA0B5B500036557 /* AFHTTPRequestOperation.m in Sources */,
				B1D175621AA0B5A000036557 /* ViewController.m in Sources */,
				B1D175941AA0B5B500036557 /* AFHTTPRequestOperationManager.m in Sources */,
				B1D175961AA0B5B500036557 /* AFNetworkReachabilityManager.m in Sources */,
				B1D1759A1AA0B5B500036557 /* AFURLResponseSerialization.m in Sources */,
				B1D175981AA0B5B500036557 /* AFURLConnectionOperation.m in Sources */,
				B1D175971AA0B5B500036557 /* AFSecurityPolicy.m in Sources */,
				B1D175951AA0B5B500036557 /* AFHTTPSessionManager.m in Sources */,
				B1D175991AA0B5B500036557 /* AFURLRequestSerialization.m in Sources */,
				B1D1759B1AA0B5B500036557 /* AFURLSessionManager.m in Sources */,
				B1D1755F1AA0B5A000036557 /* AppDelegate.m in Sources */,
				B1D1759F1AA0B5C500036557 /* AFSharedClient.m in Sources */,
				B1D1755C1AA0B5A000036557 /* main.m in Sources */,
			);
			runOnlyForDeploymentPostprocessing = 0;
		};
		B1D1756B1AA0B5A000036557 /* Sources */ = {
			isa = PBXSourcesBuildPhase;
			buildActionMask = 2147483647;
			files = (
				B1D175761AA0B5A000036557 /* AFNetworkingManagerTests.m in Sources */,
			);
			runOnlyForDeploymentPostprocessing = 0;
		};
/* End PBXSourcesBuildPhase section */

/* Begin PBXTargetDependency section */
		B1D175711AA0B5A000036557 /* PBXTargetDependency */ = {
			isa = PBXTargetDependency;
			target = B1D175551AA0B5A000036557 /* AFNetworkingManager */;
			targetProxy = B1D175701AA0B5A000036557 /* PBXContainerItemProxy */;
		};
/* End PBXTargetDependency section */

/* Begin PBXVariantGroup section */
		B1D175631AA0B5A000036557 /* Main.storyboard */ = {
			isa = PBXVariantGroup;
			children = (
				B1D175641AA0B5A000036557 /* Base */,
			);
			name = Main.storyboard;
			sourceTree = "<group>";
		};
		B1D175681AA0B5A000036557 /* LaunchScreen.xib */ = {
			isa = PBXVariantGroup;
			children = (
				B1D175691AA0B5A000036557 /* Base */,
			);
			name = LaunchScreen.xib;
			sourceTree = "<group>";
		};
/* End PBXVariantGroup section */

/* Begin XCBuildConfiguration section */
		B1D175771AA0B5A000036557 /* Debug */ = {
			isa = XCBuildConfiguration;
			buildSettings = {
				ALWAYS_SEARCH_USER_PATHS = NO;
				CLANG_CXX_LANGUAGE_STANDARD = "gnu++0x";
				CLANG_CXX_LIBRARY = "libc++";
				CLANG_ENABLE_MODULES = YES;
				CLANG_ENABLE_OBJC_ARC = YES;
				CLANG_WARN_BOOL_CONVERSION = YES;
				CLANG_WARN_CONSTANT_CONVERSION = YES;
				CLANG_WARN_DIRECT_OBJC_ISA_USAGE = YES_ERROR;
				CLANG_WARN_EMPTY_BODY = YES;
				CLANG_WARN_ENUM_CONVERSION = YES;
				CLANG_WARN_INT_CONVERSION = YES;
				CLANG_WARN_OBJC_ROOT_CLASS = YES_ERROR;
				CLANG_WARN_UNREACHABLE_CODE = YES;
				CLANG_WARN__DUPLICATE_METHOD_MATCH = YES;
				"CODE_SIGN_IDENTITY[sdk=iphoneos*]" = "iPhone Developer";
				COPY_PHASE_STRIP = NO;
				ENABLE_STRICT_OBJC_MSGSEND = YES;
				GCC_C_LANGUAGE_STANDARD = gnu99;
				GCC_DYNAMIC_NO_PIC = NO;
				GCC_OPTIMIZATION_LEVEL = 0;
				GCC_PREPROCESSOR_DEFINITIONS = (
					"DEBUG=1",
					"$(inherited)",
				);
				GCC_SYMBOLS_PRIVATE_EXTERN = NO;
				GCC_WARN_64_TO_32_BIT_CONVERSION = YES;
				GCC_WARN_ABOUT_RETURN_TYPE = YES_ERROR;
				GCC_WARN_UNDECLARED_SELECTOR = YES;
				GCC_WARN_UNINITIALIZED_AUTOS = YES_AGGRESSIVE;
				GCC_WARN_UNUSED_FUNCTION = YES;
				GCC_WARN_UNUSED_VARIABLE = YES;
				IPHONEOS_DEPLOYMENT_TARGET = 8.1;
				MTL_ENABLE_DEBUG_INFO = YES;
				ONLY_ACTIVE_ARCH = YES;
				SDKROOT = iphoneos;
			};
			name = Debug;
		};
		B1D175781AA0B5A000036557 /* Release */ = {
			isa = XCBuildConfiguration;
			buildSettings = {
				ALWAYS_SEARCH_USER_PATHS = NO;
				CLANG_CXX_LANGUAGE_STANDARD = "gnu++0x";
				CLANG_CXX_LIBRARY = "libc++";
				CLANG_ENABLE_MODULES = YES;
				CLANG_ENABLE_OBJC_ARC = YES;
				CLANG_WARN_BOOL_CONVERSION = YES;
				CLANG_WARN_CONSTANT_CONVERSION = YES;
				CLANG_WARN_DIRECT_OBJC_ISA_USAGE = YES_ERROR;
				CLANG_WARN_EMPTY_BODY = YES;
				CLANG_WARN_ENUM_CONVERSION = YES;
				CLANG_WARN_INT_CONVERSION = YES;
				CLANG_WARN_OBJC_ROOT_CLASS = YES_ERROR;
				CLANG_WARN_UNREACHABLE_CODE = YES;
				CLANG_WARN__DUPLICATE_METHOD_MATCH = YES;
				"CODE_SIGN_IDENTITY[sdk=iphoneos*]" = "iPhone Developer";
				COPY_PHASE_STRIP = YES;
				ENABLE_NS_ASSERTIONS = NO;
				ENABLE_STRICT_OBJC_MSGSEND = YES;
				GCC_C_LANGUAGE_STANDARD = gnu99;
				GCC_WARN_64_TO_32_BIT_CONVERSION = YES;
				GCC_WARN_ABOUT_RETURN_TYPE = YES_ERROR;
				GCC_WARN_UNDECLARED_SELECTOR = YES;
				GCC_WARN_UNINITIALIZED_AUTOS = YES_AGGRESSIVE;
				GCC_WARN_UNUSED_FUNCTION = YES;
				GCC_WARN_UNUSED_VARIABLE = YES;
				IPHONEOS_DEPLOYMENT_TARGET = 8.1;
				MTL_ENABLE_DEBUG_INFO = NO;
				SDKROOT = iphoneos;
				VALIDATE_PRODUCT = YES;
			};
			name = Release;
		};
		B1D1757A1AA0B5A000036557 /* Debug */ = {
			isa = XCBuildConfiguration;
			buildSettings = {
				ASSETCATALOG_COMPILER_APPICON_NAME = AppIcon;
				INFOPLIST_FILE = AFNetworkingManager/Info.plist;
				LD_RUNPATH_SEARCH_PATHS = "$(inherited) @executable_path/Frameworks";
				PRODUCT_NAME = "$(TARGET_NAME)";
			};
			name = Debug;
		};
		B1D1757B1AA0B5A000036557 /* Release */ = {
			isa = XCBuildConfiguration;
			buildSettings = {
				ASSETCATALOG_COMPILER_APPICON_NAME = AppIcon;
				INFOPLIST_FILE = AFNetworkingManager/Info.plist;
				LD_RUNPATH_SEARCH_PATHS = "$(inherited) @executable_path/Frameworks";
				PRODUCT_NAME = "$(TARGET_NAME)";
			};
			name = Release;
		};
		B1D1757D1AA0B5A000036557 /* Debug */ = {
			isa = XCBuildConfiguration;
			buildSettings = {
				BUNDLE_LOADER = "$(TEST_HOST)";
				FRAMEWORK_SEARCH_PATHS = (
					"$(SDKROOT)/Developer/Library/Frameworks",
					"$(inherited)",
				);
				GCC_PREPROCESSOR_DEFINITIONS = (
					"DEBUG=1",
					"$(inherited)",
				);
				INFOPLIST_FILE = AFNetworkingManagerTests/Info.plist;
				LD_RUNPATH_SEARCH_PATHS = "$(inherited) @executable_path/Frameworks @loader_path/Frameworks";
				PRODUCT_NAME = "$(TARGET_NAME)";
				TEST_HOST = "$(BUILT_PRODUCTS_DIR)/AFNetworkingManager.app/AFNetworkingManager";
			};
			name = Debug;
		};
		B1D1757E1AA0B5A000036557 /* Release */ = {
			isa = XCBuildConfiguration;
			buildSettings = {
				BUNDLE_LOADER = "$(TEST_HOST)";
				FRAMEWORK_SEARCH_PATHS = (
					"$(SDKROOT)/Developer/Library/Frameworks",
					"$(inherited)",
				);
				INFOPLIST_FILE = AFNetworkingManagerTests/Info.plist;
				LD_RUNPATH_SEARCH_PATHS = "$(inherited) @executable_path/Frameworks @loader_path/Frameworks";
				PRODUCT_NAME = "$(TARGET_NAME)";
				TEST_HOST = "$(BUILT_PRODUCTS_DIR)/AFNetworkingManager.app/AFNetworkingManager";
			};
			name = Release;
		};
/* End XCBuildConfiguration section */

/* Begin XCConfigurationList section */
		B1D175511AA0B5A000036557 /* Build configuration list for PBXProject "AFNetworkingManager" */ = {
			isa = XCConfigurationList;
			buildConfigurations = (
				B1D175771AA0B5A000036557 /* Debug */,
				B1D175781AA0B5A000036557 /* Release */,
			);
			defaultConfigurationIsVisible = 0;
			defaultConfigurationName = Release;
		};
		B1D175791AA0B5A000036557 /* Build configuration list for PBXNativeTarget "AFNetworkingManager" */ = {
			isa = XCConfigurationList;
			buildConfigurations = (
				B1D1757A1AA0B5A000036557 /* Debug */,
				B1D1757B1AA0B5A000036557 /* Release */,
			);
			defaultConfigurationIsVisible = 0;
		};
		B1D1757C1AA0B5A000036557 /* Build configuration list for PBXNativeTarget "AFNetworkingManagerTests" */ = {
			isa = XCConfigurationList;
			buildConfigurations = (
				B1D1757D1AA0B5A000036557 /* Debug */,
				B1D1757E1AA0B5A000036557 /* Release */,
			);
			defaultConfigurationIsVisible = 0;
		};
/* End XCConfigurationList section */
	};
	rootObject = B1D1754E1AA0B5A000036557 /* Project object */;
}
